# This file is automatically @generated by Cargo.
# It is not intended for manual editing.
version = 3

[[package]]
name = "day12"
version = "0.1.0"
dependencies = [
 "priority-queue",
 "queues",
]

[[package]]
name = "ordermap"
version = "0.2.13"
source = "registry+https://github.com/rust-lang/crates.io-index"
checksum = "b81cf3b8cb96aa0e73bbedfcdc9708d09fec2854ba8d474be4e6f666d7379e8b"

[[package]]
name = "priority-queue"
version = "0.3.2"
source = "registry+https://github.com/rust-lang/crates.io-index"
checksum = "297d047cc542d4d609758c5c578d6e80022270cfbc9fc2c7695378d0065b7de9"
dependencies = [
 "ordermap",
]

[[package]]
name = "queues"
version = "1.1.0"
source = "registry+https://github.com/rust-lang/crates.io-index"
checksum = "1475abae4f8ad4998590fe3acfe20104f0a5d48fc420c817cd2c09c3f56151f0"
